
Microsoft Visual Studio Solution File, Format Version 12.00
# Visual Studio 15
VisualStudioVersion = 15.0.27130.2010
MinimumVisualStudioVersion = 10.0.40219.1
Project("{FAE04EC0-301F-11D3-BF4B-00C04F79EFBC}") = "GameSET.Core", "GameSET.Core\GameSET.Core.csproj", "{6B326F1E-AD8B-4A0E-AC8B-4084835B34BD}"
EndProject
Project("{FAE04EC0-301F-11D3-BF4B-00C04F79EFBC}") = "GameSET.WPF", "GameSET.WPF\GameSET.WPF.csproj", "{18091E8B-C97A-4432-B48A-D9C7524182B7}"
EndProject
Project("{FAE04EC0-301F-11D3-BF4B-00C04F79EFBC}") = "GameSET.Tests", "GameSET.Tests\GameSET.Tests.csproj", "{3B5912E1-0836-4289-B5E3-462643CEA7E1}"
EndProject
Global
	GlobalSection(SolutionConfigurationPlatforms) = preSolution
		Debug|x64 = Debug|x64
		Debug|x86 = Debug|x86
		Release|x64 = Release|x64
		Release|x86 = Release|x86
	EndGlobalSection
	GlobalSection(ProjectConfigurationPlatforms) = postSolution
		{6B326F1E-AD8B-4A0E-AC8B-4084835B34BD}.Debug|x64.ActiveCfg = Debug|x64
		{6B326F1E-AD8B-4A0E-AC8B-4084835B34BD}.Debug|x64.Build.0 = Debug|x64
		{6B326F1E-AD8B-4A0E-AC8B-4084835B34BD}.Debug|x86.ActiveCfg = Debug|x86
		{6B326F1E-AD8B-4A0E-AC8B-4084835B34BD}.Debug|x86.Build.0 = Debug|x86
		{6B326F1E-AD8B-4A0E-AC8B-4084835B34BD}.Release|x64.ActiveCfg = Release|x64
		{6B326F1E-AD8B-4A0E-AC8B-4084835B34BD}.Release|x64.Build.0 = Release|x64
		{6B326F1E-AD8B-4A0E-AC8B-4084835B34BD}.Release|x86.ActiveCfg = Release|x86
		{6B326F1E-AD8B-4A0E-AC8B-4084835B34BD}.Release|x86.Build.0 = Release|x86
		{18091E8B-C97A-4432-B48A-D9C7524182B7}.Debug|x64.ActiveCfg = Debug|x64
		{18091E8B-C97A-4432-B48A-D9C7524182B7}.Debug|x64.Build.0 = Debug|x64
		{18091E8B-C97A-4432-B48A-D9C7524182B7}.Debug|x86.ActiveCfg = Debug|x86
		{18091E8B-C97A-4432-B48A-D9C7524182B7}.Debug|x86.Build.0 = Debug|x86
		{18091E8B-C97A-4432-B48A-D9C7524182B7}.Release|x64.ActiveCfg = Release|x64
		{18091E8B-C97A-4432-B48A-D9C7524182B7}.Release|x64.Build.0 = Release|x64
		{18091E8B-C97A-4432-B48A-D9C7524182B7}.Release|x86.ActiveCfg = Release|x86
		{18091E8B-C97A-4432-B48A-D9C7524182B7}.Release|x86.Build.0 = Release|x86
		{3B5912E1-0836-4289-B5E3-462643CEA7E1}.Debug|x64.ActiveCfg = Debug|x64
		{3B5912E1-0836-4289-B5E3-462643CEA7E1}.Debug|x64.Build.0 = Debug|x64
		{3B5912E1-0836-4289-B5E3-462643CEA7E1}.Debug|x86.ActiveCfg = Debug|x86
		{3B5912E1-0836-4289-B5E3-462643CEA7E1}.Debug|x86.Build.0 = Debug|x86
		{3B5912E1-0836-4289-B5E3-462643CEA7E1}.Release|x64.ActiveCfg = Release|x64
		{3B5912E1-0836-4289-B5E3-462643CEA7E1}.Release|x64.Build.0 = Release|x64
		{3B5912E1-0836-4289-B5E3-462643CEA7E1}.Release|x86.ActiveCfg = Release|x86
		{3B5912E1-0836-4289-B5E3-462643CEA7E1}.Release|x86.Build.0 = Release|x86
	EndGlobalSection
	GlobalSection(SolutionProperties) = preSolution
		HideSolutionNode = FALSE
	EndGlobalSection
	GlobalSection(ExtensibilityGlobals) = postSolution
		SolutionGuid = {104A25AD-5D7A-4956-9D9B-741F7A9F80B1}
	EndGlobalSection
EndGlobal
